
Microsoft Visual Studio Solution File, Format Version 12.00
# Visual Studio 15
VisualStudioVersion = 15.0.28307.329
MinimumVisualStudioVersion = 10.0.40219.1
Project("{8BC9CEB8-8B4A-11D0-8D11-00A0C91BC942}") = "OS_Lab_13", "OS_Lab_13\OS_Lab_13.vcxproj", "{F64F5D86-58EA-4E14-9F48-E678C95FEDE8}"
EndProject
Global
	GlobalSection(SolutionConfigurationPlatforms) = preSolution
		Debug|x64 = Debug|x64
		Debug|x86 = Debug|x86
		Release|x64 = Release|x64
		Release|x86 = Release|x86
	EndGlobalSection
	GlobalSection(ProjectConfigurationPlatforms) = postSolution
		{F64F5D86-58EA-4E14-9F48-E678C95FEDE8}.Debug|x64.ActiveCfg = Debug|x64
		{F64F5D86-58EA-4E14-9F48-E678C95FEDE8}.Debug|x64.Build.0 = Debug|x64
		{F64F5D86-58EA-4E14-9F48-E678C95FEDE8}.Debug|x86.ActiveCfg = Debug|Win32
		{F64F5D86-58EA-4E14-9F48-E678C95FEDE8}.Debug|x86.Build.0 = Debug|Win32
		{F64F5D86-58EA-4E14-9F48-E678C95FEDE8}.Release|x64.ActiveCfg = Release|x64
		{F64F5D86-58EA-4E14-9F48-E678C95FEDE8}.Release|x64.Build.0 = Release|x64
		{F64F5D86-58EA-4E14-9F48-E678C95FEDE8}.Release|x86.ActiveCfg = Release|Win32
		{F64F5D86-58EA-4E14-9F48-E678C95FEDE8}.Release|x86.Build.0 = Release|Win32
	EndGlobalSection
	GlobalSection(SolutionProperties) = preSolution
		HideSolutionNode = FALSE
	EndGlobalSection
	GlobalSection(ExtensibilityGlobals) = postSolution
		SolutionGuid = {8822CC53-1BE3-4A56-BD87-DCA7CCB31095}
	EndGlobalSection
EndGlobal
