
Microsoft Visual Studio Solution File, Format Version 12.00
# Visual Studio 15
VisualStudioVersion = 15.0.28010.2046
MinimumVisualStudioVersion = 10.0.40219.1
Project("{FAE04EC0-301F-11D3-BF4B-00C04F79EFBC}") = "MyForm", "MyForm\MyForm.csproj", "{795B6D67-B078-4946-A1E8-5C0DDF4E544F}"
EndProject
Global
	GlobalSection(SolutionConfigurationPlatforms) = preSolution
		Debug|Any CPU = Debug|Any CPU
		Release|Any CPU = Release|Any CPU
	EndGlobalSection
	GlobalSection(ProjectConfigurationPlatforms) = postSolution
		{795B6D67-B078-4946-A1E8-5C0DDF4E544F}.Debug|Any CPU.ActiveCfg = Debug|Any CPU
		{795B6D67-B078-4946-A1E8-5C0DDF4E544F}.Debug|Any CPU.Build.0 = Debug|Any CPU
		{795B6D67-B078-4946-A1E8-5C0DDF4E544F}.Release|Any CPU.ActiveCfg = Release|Any CPU
		{795B6D67-B078-4946-A1E8-5C0DDF4E544F}.Release|Any CPU.Build.0 = Release|Any CPU
	EndGlobalSection
	GlobalSection(SolutionProperties) = preSolution
		HideSolutionNode = FALSE
	EndGlobalSection
	GlobalSection(ExtensibilityGlobals) = postSolution
		SolutionGuid = {A10B42D9-B766-4275-8C81-BF58B435B770}
	EndGlobalSection
EndGlobal
